
Microsoft Visual Studio Solution File, Format Version 12.00
# Visual Studio 15
VisualStudioVersion = 15.0.26730.16
MinimumVisualStudioVersion = 10.0.40219.1
Project("{FAE04EC0-301F-11D3-BF4B-00C04F79EFBC}") = "JokeStore.Core", "JokeStore.Core\JokeStore.Core.csproj", "{62B3494A-F4EF-4860-B165-14D4B9088E20}"
EndProject
Project("{FAE04EC0-301F-11D3-BF4B-00C04F79EFBC}") = "JokeStore.Web", "JokeStore.Web\JokeStore.Web.csproj", "{67778E9A-59EA-4EFC-A020-ADB625EFC282}"
EndProject
Project("{2150E333-8FDC-42A3-9474-1A3956D46DE8}") = "Old", "Old", "{87776B00-B7AE-4110-AF10-F64DBF2B9D53}"
EndProject
Project("{FAE04EC0-301F-11D3-BF4B-00C04F79EFBC}") = "JokeStore", "src\JokeStore\JokeStore.csproj", "{2436B7D9-564E-4B28-B490-0A627537B7C1}"
EndProject
Project("{FAE04EC0-301F-11D3-BF4B-00C04F79EFBC}") = "JokeStore.Web.UI", "src\JokeStore.Web.UI\JokeStore.Web.UI.csproj", "{8E47C928-D257-4214-B7FE-5C45FCBD3A2A}"
EndProject
Global
	GlobalSection(SolutionConfigurationPlatforms) = preSolution
		Debug|Any CPU = Debug|Any CPU
		Release|Any CPU = Release|Any CPU
	EndGlobalSection
	GlobalSection(ProjectConfigurationPlatforms) = postSolution
		{62B3494A-F4EF-4860-B165-14D4B9088E20}.Debug|Any CPU.ActiveCfg = Debug|Any CPU
		{62B3494A-F4EF-4860-B165-14D4B9088E20}.Debug|Any CPU.Build.0 = Debug|Any CPU
		{62B3494A-F4EF-4860-B165-14D4B9088E20}.Release|Any CPU.ActiveCfg = Release|Any CPU
		{62B3494A-F4EF-4860-B165-14D4B9088E20}.Release|Any CPU.Build.0 = Release|Any CPU
		{67778E9A-59EA-4EFC-A020-ADB625EFC282}.Debug|Any CPU.ActiveCfg = Debug|Any CPU
		{67778E9A-59EA-4EFC-A020-ADB625EFC282}.Debug|Any CPU.Build.0 = Debug|Any CPU
		{67778E9A-59EA-4EFC-A020-ADB625EFC282}.Release|Any CPU.ActiveCfg = Release|Any CPU
		{67778E9A-59EA-4EFC-A020-ADB625EFC282}.Release|Any CPU.Build.0 = Release|Any CPU
		{2436B7D9-564E-4B28-B490-0A627537B7C1}.Debug|Any CPU.ActiveCfg = Debug|Any CPU
		{2436B7D9-564E-4B28-B490-0A627537B7C1}.Debug|Any CPU.Build.0 = Debug|Any CPU
		{2436B7D9-564E-4B28-B490-0A627537B7C1}.Release|Any CPU.ActiveCfg = Release|Any CPU
		{2436B7D9-564E-4B28-B490-0A627537B7C1}.Release|Any CPU.Build.0 = Release|Any CPU
		{8E47C928-D257-4214-B7FE-5C45FCBD3A2A}.Debug|Any CPU.ActiveCfg = Debug|Any CPU
		{8E47C928-D257-4214-B7FE-5C45FCBD3A2A}.Debug|Any CPU.Build.0 = Debug|Any CPU
		{8E47C928-D257-4214-B7FE-5C45FCBD3A2A}.Release|Any CPU.ActiveCfg = Release|Any CPU
		{8E47C928-D257-4214-B7FE-5C45FCBD3A2A}.Release|Any CPU.Build.0 = Release|Any CPU
	EndGlobalSection
	GlobalSection(SolutionProperties) = preSolution
		HideSolutionNode = FALSE
	EndGlobalSection
	GlobalSection(NestedProjects) = preSolution
		{62B3494A-F4EF-4860-B165-14D4B9088E20} = {87776B00-B7AE-4110-AF10-F64DBF2B9D53}
		{67778E9A-59EA-4EFC-A020-ADB625EFC282} = {87776B00-B7AE-4110-AF10-F64DBF2B9D53}
	EndGlobalSection
	GlobalSection(ExtensibilityGlobals) = postSolution
		SolutionGuid = {6E89FD44-996E-43A5-AF7D-0F81C1E10B24}
	EndGlobalSection
EndGlobal
